
Microsoft Visual Studio Solution File, Format Version 12.00
# Visual Studio 15
VisualStudioVersion = 15.0.26730.10
MinimumVisualStudioVersion = 10.0.40219.1
Project("{9A19103F-16F7-4668-BE54-9A1E7A4F7556}") = "DevOpsKitDsc", "src\DevOpsKitDsc\DevOpsKitDsc.csproj", "{C4D90951-BA27-4A45-8518-FF090606B551}"
EndProject
Global
	GlobalSection(SolutionConfigurationPlatforms) = preSolution
		Debug|Any CPU = Debug|Any CPU
		Release|Any CPU = Release|Any CPU
	EndGlobalSection
	GlobalSection(ProjectConfigurationPlatforms) = postSolution
		{C4D90951-BA27-4A45-8518-FF090606B551}.Debug|Any CPU.ActiveCfg = Debug|Any CPU
		{C4D90951-BA27-4A45-8518-FF090606B551}.Debug|Any CPU.Build.0 = Debug|Any CPU
		{C4D90951-BA27-4A45-8518-FF090606B551}.Release|Any CPU.ActiveCfg = Release|Any CPU
		{C4D90951-BA27-4A45-8518-FF090606B551}.Release|Any CPU.Build.0 = Release|Any CPU
	EndGlobalSection
	GlobalSection(SolutionProperties) = preSolution
		HideSolutionNode = FALSE
	EndGlobalSection
	GlobalSection(ExtensibilityGlobals) = postSolution
		SolutionGuid = {C27C06B1-E8E8-46C6-B5D3-6734DA985020}
	EndGlobalSection
EndGlobal
